<?xml version="1.0" encoding="utf-8"?>
<Project ToolsVersion="4.0" xmlns="http://schemas.microsoft.com/developer/msbuild/2003">
  <ItemGroup>
    <ClCompile Include="Exodus.cpp" />
    <ClCompile Include="FadeToColor.cpp" />
    <ClCompile Include="Items.cpp" />
    <ClCompile Include="j1BlackMage.cpp" />
    <ClCompile Include="j1Button.cpp" />
    <ClCompile Include="j1ChooseCharacter.cpp" />
    <ClCompile Include="j1Collisions.cpp" />
    <ClCompile Include="j1Color.cpp" />
    <ClCompile Include="j1DialogSystem.cpp" />
    <ClCompile Include="j1DragoonKnight.cpp" />
    <ClCompile Include="j1Fire.cpp" />
    <ClCompile Include="j1Hud.cpp" />
    <ClCompile Include="j1Judge.cpp" />
    <ClCompile Include="j1MindFlyer.cpp" />
    <ClCompile Include="j1Minimap.cpp" />
    <ClCompile Include="j1Particles.cpp" />
    <ClCompile Include="j1Player.cpp" />
    <ClCompile Include="j1Scene2.cpp" />
    <ClCompile Include="j1SceneCredits.cpp" />
    <ClCompile Include="j1Entity.cpp" />
    <ClCompile Include="j1EntityManager.cpp" />
    <ClCompile Include="j1FadeToBlack.cpp" />
    <ClCompile Include="j1Fonts.cpp" />
    <ClCompile Include="j1Gui.cpp" />
    <ClCompile Include="j1Label.cpp" />
    <ClCompile Include="j1Main.cpp" />
    <ClCompile Include="j1App.cpp" />
    <ClCompile Include="j1Audio.cpp" />
    <ClCompile Include="j1Input.cpp" />
    <ClCompile Include="j1Map.cpp" />
    <ClCompile Include="j1Pathfinding.cpp" />
    <ClCompile Include="j1PerfTimer.cpp" />
    <ClCompile Include="j1Scene1.cpp" />
    <ClCompile Include="j1SceneLose.cpp" />
    <ClCompile Include="j1SceneMenu.cpp" />
    <ClCompile Include="j1Box.cpp" />
    <ClCompile Include="j1SceneSettings.cpp" />
    <ClCompile Include="j1SceneVictory.cpp" />
    <ClCompile Include="j1Seller.cpp" />
    <ClCompile Include="j1Shop.cpp" />
    <ClCompile Include="j1Slime.cpp" />
    <ClCompile Include="j1Timer.cpp" />
    <ClCompile Include="j1Render.cpp" />
    <ClCompile Include="j1Textures.cpp" />
    <ClCompile Include="j1TransitionManager.cpp" />
    <ClCompile Include="j1Transitions.cpp" />
    <ClCompile Include="j1Turret.cpp" />
    <ClCompile Include="j1Window.cpp" />
    <ClCompile Include="Lines.cpp" />
    <ClCompile Include="p2Log.cpp" />
    <ClCompile Include="PugiXml\src\pugixml.cpp" />
    <ClCompile Include="Quadtree.cpp" />
    <ClCompile Include="Squares.cpp" />
    <ClCompile Include="TileQuadtree.cpp" />
    <ClCompile Include="Wipe.cpp" />
  </ItemGroup>
  <ItemGroup>
    <ClInclude Include="Exodus.h" />
    <ClInclude Include="FadeToColor.h" />
    <ClInclude Include="Items.h" />
    <ClInclude Include="j1BlackMage.h" />
    <ClInclude Include="j1Button.h" />
    <ClInclude Include="j1ChooseCharacter.h" />
    <ClInclude Include="j1Collisions.h" />
    <ClInclude Include="j1Color.h" />
    <ClInclude Include="j1DialogSystem.h" />
    <ClInclude Include="j1DragoonKnight.h" />
    <ClInclude Include="j1Fire.h" />
    <ClInclude Include="j1Hud.h" />
    <ClInclude Include="j1Judge.h" />
    <ClInclude Include="j1MindFlyer.h" />
    <ClInclude Include="j1Minimap.h" />
    <ClInclude Include="j1Particles.h" />
    <ClInclude Include="j1Scene2.h" />
    <ClInclude Include="j1SceneCredits.h" />
    <ClInclude Include="j1Entity.h" />
    <ClInclude Include="j1EntityManager.h" />
    <ClInclude Include="j1FadeToBlack.h" />
    <ClInclude Include="j1Fonts.h" />
    <ClInclude Include="j1Gui.h" />
    <ClInclude Include="j1Label.h" />
    <ClInclude Include="j1Map.h" />
    <ClInclude Include="j1Pathfinding.h" />
    <ClInclude Include="j1PerfTimer.h" />
    <ClInclude Include="j1Player.h" />
    <ClInclude Include="j1Scene1.h" />
    <ClInclude Include="j1SceneLose.h" />
    <ClInclude Include="j1SceneMenu.h" />
    <ClInclude Include="j1Box.h" />
    <ClInclude Include="j1SceneSettings.h" />
    <ClInclude Include="j1SceneVictory.h" />
    <ClInclude Include="j1Seller.h" />
    <ClInclude Include="j1Shop.h" />
    <ClInclude Include="j1Slime.h" />
    <ClInclude Include="j1Timer.h" />
    <ClInclude Include="j1TransitionManager.h" />
    <ClInclude Include="j1Transitions.h" />
    <ClInclude Include="j1Turret.h" />
    <ClInclude Include="j1UserInterfaceElement.h" />
    <ClInclude Include="Lines.h" />
    <ClInclude Include="p2Animation.h" />
    <ClInclude Include="j1Audio.h" />
    <ClInclude Include="j1Input.h" />
    <ClInclude Include="j1App.h" />
    <ClInclude Include="p2Defs.h" />
    <ClInclude Include="j1Module.h" />
    <ClInclude Include="p2Log.h" />
    <ClInclude Include="p2Point.h" />
    <ClInclude Include="j1Render.h" />
    <ClInclude Include="j1Textures.h" />
    <ClInclude Include="j1Window.h" />
    <ClInclude Include="PugiXml\src\pugiconfig.hpp" />
    <ClInclude Include="PugiXml\src\pugixml.hpp" />
    <ClInclude Include="Quadtree.h" />
    <ClInclude Include="Squares.h" />
    <ClInclude Include="TileQuadtree.h" />
    <ClInclude Include="Wipe.h" />
  </ItemGroup>
  <ItemGroup>
    <Xml Include="..\Game\animations.xml" />
    <Xml Include="..\Game\config.xml" />
  </ItemGroup>
</Project>