<?xml version="1.0" encoding="utf-8"?>
<Project ToolsVersion="4.0" xmlns="http://schemas.microsoft.com/developer/msbuild/2003">
  <ItemGroup>
    <ClCompile Include="p2Log.cpp">
      <Filter>Programantion 2</Filter>
    </ClCompile>
    <ClCompile Include="j1App.cpp">
      <Filter>Development\Core</Filter>
    </ClCompile>
    <ClCompile Include="j1Main.cpp">
      <Filter>Development\Core</Filter>
    </ClCompile>
    <ClCompile Include="j1Timer.cpp">
      <Filter>Development\Tools</Filter>
    </ClCompile>
    <ClCompile Include="j1PerfTimer.cpp">
      <Filter>Development\Tools</Filter>
    </ClCompile>
    <ClCompile Include="PugiXml\src\pugixml.cpp">
      <Filter>Development\Tools\PuguiXML</Filter>
    </ClCompile>
    <ClCompile Include="j1SceneMenu.cpp">
      <Filter>Development\Scenes</Filter>
    </ClCompile>
    <ClCompile Include="j1Scene1.cpp">
      <Filter>Development\Scenes</Filter>
    </ClCompile>
    <ClCompile Include="j1SceneCredits.cpp">
      <Filter>Development\Scenes</Filter>
    </ClCompile>
    <ClCompile Include="j1Map.cpp">
      <Filter>Development\Modules</Filter>
    </ClCompile>
    <ClCompile Include="j1Textures.cpp">
      <Filter>Development\Modules</Filter>
    </ClCompile>
    <ClCompile Include="j1Audio.cpp">
      <Filter>Development\Modules\Media</Filter>
    </ClCompile>
    <ClCompile Include="j1Render.cpp">
      <Filter>Development\Modules\Media</Filter>
    </ClCompile>
    <ClCompile Include="j1Window.cpp">
      <Filter>Development\Modules\Media</Filter>
    </ClCompile>
    <ClCompile Include="j1Label.cpp">
      <Filter>Development\Modules\GraphicUserInterface</Filter>
    </ClCompile>
    <ClCompile Include="j1Fonts.cpp">
      <Filter>Development\Modules\GraphicUserInterface</Filter>
    </ClCompile>
    <ClCompile Include="j1Gui.cpp">
      <Filter>Development\Modules\GraphicUserInterface</Filter>
    </ClCompile>
    <ClCompile Include="j1Hud.cpp">
      <Filter>Development\Modules\GraphicUserInterface</Filter>
    </ClCompile>
    <ClCompile Include="j1Button.cpp">
      <Filter>Development\Modules\GraphicUserInterface</Filter>
    </ClCompile>
    <ClCompile Include="j1Box.cpp">
      <Filter>Development\Modules\GraphicUserInterface</Filter>
    </ClCompile>
    <ClCompile Include="j1Collisions.cpp">
      <Filter>Development\Modules\Interactions</Filter>
    </ClCompile>
    <ClCompile Include="j1Pathfinding.cpp">
      <Filter>Development\Modules\Interactions</Filter>
    </ClCompile>
    <ClCompile Include="j1Particles.cpp">
      <Filter>Development\Modules\Interactions</Filter>
    </ClCompile>
    <ClCompile Include="j1FadeToBlack.cpp">
      <Filter>Development\Modules\Interactions</Filter>
    </ClCompile>
    <ClCompile Include="j1BlackMage.cpp">
      <Filter>Development\Modules\Entities\Player</Filter>
    </ClCompile>
    <ClCompile Include="j1DragoonKnight.cpp">
      <Filter>Development\Modules\Entities\Player</Filter>
    </ClCompile>
    <ClCompile Include="j1Player.cpp">
      <Filter>Development\Modules\Entities\Player</Filter>
    </ClCompile>
    <ClCompile Include="j1Entity.cpp">
      <Filter>Development\Modules\Entities</Filter>
    </ClCompile>
    <ClCompile Include="j1EntityManager.cpp">
      <Filter>Development\Modules\Entities</Filter>
    </ClCompile>
    <ClCompile Include="j1Judge.cpp">
      <Filter>Development\Modules\Entities\NPCs</Filter>
    </ClCompile>
    <ClCompile Include="j1Input.cpp">
      <Filter>Development\Modules\Interactions</Filter>
    </ClCompile>
    <ClCompile Include="j1ChooseCharacter.cpp">
      <Filter>Development\Scenes</Filter>
    </ClCompile>
    <ClCompile Include="j1DialogSystem.cpp">
      <Filter>Development\Modules\GraphicUserInterface</Filter>
    </ClCompile>
  </ItemGroup>
  <ItemGroup>
    <ClInclude Include="p2Point.h">
      <Filter>Programantion 2</Filter>
    </ClInclude>
    <ClInclude Include="p2Log.h">
      <Filter>Programantion 2</Filter>
    </ClInclude>
    <ClInclude Include="p2Defs.h">
      <Filter>Programantion 2</Filter>
    </ClInclude>
    <ClInclude Include="p2Animation.h">
      <Filter>Programantion 2</Filter>
    </ClInclude>
    <ClInclude Include="j1App.h">
      <Filter>Development\Core</Filter>
    </ClInclude>
    <ClInclude Include="j1Module.h">
      <Filter>Development\Core</Filter>
    </ClInclude>
    <ClInclude Include="j1Timer.h">
      <Filter>Development\Tools</Filter>
    </ClInclude>
    <ClInclude Include="j1PerfTimer.h">
      <Filter>Development\Tools</Filter>
    </ClInclude>
    <ClInclude Include="PugiXml\src\pugixml.hpp">
      <Filter>Development\Tools\PuguiXML</Filter>
    </ClInclude>
    <ClInclude Include="PugiXml\src\pugiconfig.hpp">
      <Filter>Development\Tools\PuguiXML</Filter>
    </ClInclude>
    <ClInclude Include="j1SceneMenu.h">
      <Filter>Development\Scenes</Filter>
    </ClInclude>
    <ClInclude Include="j1Scene1.h">
      <Filter>Development\Scenes</Filter>
    </ClInclude>
    <ClInclude Include="j1SceneCredits.h">
      <Filter>Development\Scenes</Filter>
    </ClInclude>
    <ClInclude Include="j1Map.h">
      <Filter>Development\Modules</Filter>
    </ClInclude>
    <ClInclude Include="j1Textures.h">
      <Filter>Development\Modules</Filter>
    </ClInclude>
    <ClInclude Include="j1Audio.h">
      <Filter>Development\Modules\Media</Filter>
    </ClInclude>
    <ClInclude Include="j1Render.h">
      <Filter>Development\Modules\Media</Filter>
    </ClInclude>
    <ClInclude Include="j1Window.h">
      <Filter>Development\Modules\Media</Filter>
    </ClInclude>
    <ClInclude Include="j1Label.h">
      <Filter>Development\Modules\GraphicUserInterface</Filter>
    </ClInclude>
    <ClInclude Include="j1Fonts.h">
      <Filter>Development\Modules\GraphicUserInterface</Filter>
    </ClInclude>
    <ClInclude Include="j1Gui.h">
      <Filter>Development\Modules\GraphicUserInterface</Filter>
    </ClInclude>
    <ClInclude Include="j1Hud.h">
      <Filter>Development\Modules\GraphicUserInterface</Filter>
    </ClInclude>
    <ClInclude Include="j1Button.h">
      <Filter>Development\Modules\GraphicUserInterface</Filter>
    </ClInclude>
    <ClInclude Include="j1Box.h">
      <Filter>Development\Modules\GraphicUserInterface</Filter>
    </ClInclude>
    <ClInclude Include="j1UserInterfaceElement.h">
      <Filter>Development\Modules\GraphicUserInterface</Filter>
    </ClInclude>
    <ClInclude Include="j1Collisions.h">
      <Filter>Development\Modules\Interactions</Filter>
    </ClInclude>
    <ClInclude Include="j1Pathfinding.h">
      <Filter>Development\Modules\Interactions</Filter>
    </ClInclude>
    <ClInclude Include="j1Particles.h">
      <Filter>Development\Modules\Interactions</Filter>
    </ClInclude>
    <ClInclude Include="j1FadeToBlack.h">
      <Filter>Development\Modules\Interactions</Filter>
    </ClInclude>
    <ClInclude Include="j1BlackMage.h">
      <Filter>Development\Modules\Entities\Player</Filter>
    </ClInclude>
    <ClInclude Include="j1DragoonKnight.h">
      <Filter>Development\Modules\Entities\Player</Filter>
    </ClInclude>
    <ClInclude Include="j1Rogue.h">
      <Filter>Development\Modules\Entities\Player</Filter>
    </ClInclude>
    <ClInclude Include="j1Tank.h">
      <Filter>Development\Modules\Entities\Player</Filter>
    </ClInclude>
    <ClInclude Include="j1Player.h">
      <Filter>Development\Modules\Entities\Player</Filter>
    </ClInclude>
    <ClInclude Include="j1Entity.h">
      <Filter>Development\Modules\Entities</Filter>
    </ClInclude>
    <ClInclude Include="j1EntityManager.h">
      <Filter>Development\Modules\Entities</Filter>
    </ClInclude>
    <ClInclude Include="j1Judge.h">
      <Filter>Development\Modules\Entities\NPCs</Filter>
    </ClInclude>
    <ClInclude Include="j1Input.h">
      <Filter>Development\Modules\Interactions</Filter>
    </ClInclude>
    <ClInclude Include="j1ChooseCharacter.h">
      <Filter>Development\Scenes</Filter>
    </ClInclude>
    <ClInclude Include="j1DialogSystem.h">
      <Filter>Development\Modules\GraphicUserInterface</Filter>
    </ClInclude>
  </ItemGroup>
  <ItemGroup>
    <Xml Include="..\Game\config.xml" />
  </ItemGroup>
  <ItemGroup>
    <Filter Include="Development">
      <UniqueIdentifier>{d0ffb69f-ba91-4bd0-87d3-f19d7579afc0}</UniqueIdentifier>
    </Filter>
    <Filter Include="Programantion 2">
      <UniqueIdentifier>{a6286378-a355-44a3-9adc-50ce4ea69f1b}</UniqueIdentifier>
    </Filter>
    <Filter Include="Development\Core">
      <UniqueIdentifier>{febd36b8-ebbe-45e4-b499-fb07921ace83}</UniqueIdentifier>
    </Filter>
    <Filter Include="Development\Modules">
      <UniqueIdentifier>{d4610e84-b42a-49ca-a1ce-c0d4228f6ecb}</UniqueIdentifier>
    </Filter>
    <Filter Include="Development\Scenes">
      <UniqueIdentifier>{5d50c15d-df33-4463-a921-b311eae0e822}</UniqueIdentifier>
    </Filter>
    <Filter Include="Development\Tools">
      <UniqueIdentifier>{5a42d40c-09f1-4ff8-a33b-ebf3438e5428}</UniqueIdentifier>
    </Filter>
    <Filter Include="Development\Tools\PuguiXML">
      <UniqueIdentifier>{f1d3e439-706e-49a8-b614-c4fff6cdef57}</UniqueIdentifier>
    </Filter>
    <Filter Include="Development\Modules\Media">
      <UniqueIdentifier>{3eba5cdd-ced4-4629-86cf-9767a93e101d}</UniqueIdentifier>
    </Filter>
    <Filter Include="Development\Modules\GraphicUserInterface">
      <UniqueIdentifier>{557df63f-970f-45ad-a0b8-62c5538d43b8}</UniqueIdentifier>
    </Filter>
    <Filter Include="Development\Modules\Interactions">
      <UniqueIdentifier>{dba997ab-1c6a-4ec0-bfc9-9677fdb1a75a}</UniqueIdentifier>
    </Filter>
    <Filter Include="Development\Modules\Entities">
      <UniqueIdentifier>{bdcf8e7c-fd2b-4612-8303-1796bc1dce27}</UniqueIdentifier>
    </Filter>
    <Filter Include="Development\Modules\Entities\Player">
      <UniqueIdentifier>{4589b561-c9e0-415e-8beb-27643d31eb95}</UniqueIdentifier>
    </Filter>
    <Filter Include="Development\Modules\Entities\NPCs">
      <UniqueIdentifier>{28aebaae-d63c-4451-b068-a183c95cfcb9}</UniqueIdentifier>
    </Filter>
    <Filter Include="Development\Modules\Entities\Enemies">
      <UniqueIdentifier>{2603ffbc-1d42-497d-b09d-080b9253a7ea}</UniqueIdentifier>
    </Filter>
  </ItemGroup>
</Project>